
Microsoft Visual Studio Solution File, Format Version 12.00
# Visual Studio Version 17
VisualStudioVersion = 17.10.35004.147
MinimumVisualStudioVersion = 10.0.40219.1
Project("{FAE04EC0-301F-11D3-BF4B-00C04F79EFBC}") = "CryptoTop", "CryptoTop\CryptoTop.csproj", "{CEEC946B-E67A-4B4B-BF20-C05499CA5A63}"
EndProject
Global
	GlobalSection(SolutionConfigurationPlatforms) = preSolution
		Debug|Any CPU = Debug|Any CPU
		Release|Any CPU = Release|Any CPU
	EndGlobalSection
	GlobalSection(ProjectConfigurationPlatforms) = postSolution
		{CEEC946B-E67A-4B4B-BF20-C05499CA5A63}.Debug|Any CPU.ActiveCfg = Debug|Any CPU
		{CEEC946B-E67A-4B4B-BF20-C05499CA5A63}.Debug|Any CPU.Build.0 = Debug|Any CPU
		{CEEC946B-E67A-4B4B-BF20-C05499CA5A63}.Release|Any CPU.ActiveCfg = Release|Any CPU
		{CEEC946B-E67A-4B4B-BF20-C05499CA5A63}.Release|Any CPU.Build.0 = Release|Any CPU
	EndGlobalSection
	GlobalSection(SolutionProperties) = preSolution
		HideSolutionNode = FALSE
	EndGlobalSection
	GlobalSection(ExtensibilityGlobals) = postSolution
		SolutionGuid = {566BE28A-60DE-4C04-8E52-9B06C87C713A}
	EndGlobalSection
EndGlobal
